// !$*UTF8*$!
{
	archiveVersion = 1;
	classes = {
	};
	objectVersion = 50;
	objects = {

/* Begin PBXBuildFile section */
		DC7F44F321CD87600095FB2F /* CoreLocation.framework in Frameworks */ = {isa = PBXBuildFile; fileRef = DC7F44F221CD87600095FB2F /* CoreLocation.framework */; };
		DC7F44F521CFBFBC0095FB2F /* TimerSelectionCell.swift in Sources */ = {isa = PBXBuildFile; fileRef = DC7F44F421CFBFBC0095FB2F /* TimerSelectionCell.swift */; };
		DC7F44F721DB4DCC0095FB2F /* SoundSelectionCell.swift in Sources */ = {isa = PBXBuildFile; fileRef = DC7F44F621DB4DCC0095FB2F /* SoundSelectionCell.swift */; };
		DC7F44F921DB55470095FB2F /* SoundTableViewController.swift in Sources */ = {isa = PBXBuildFile; fileRef = DC7F44F821DB55470095FB2F /* SoundTableViewController.swift */; };
		DC7F44FB21DE04600095FB2F /* GeneralSoundCell.swift in Sources */ = {isa = PBXBuildFile; fileRef = DC7F44FA21DE04600095FB2F /* GeneralSoundCell.swift */; };
		DC7F44FD21E146AC0095FB2F /* GeneralMainScreenCell.swift in Sources */ = {isa = PBXBuildFile; fileRef = DC7F44FC21E146AC0095FB2F /* GeneralMainScreenCell.swift */; };
		DC7F44FF21E34D8C0095FB2F /* Alarm.swift in Sources */ = {isa = PBXBuildFile; fileRef = DC7F44FE21E34D8C0095FB2F /* Alarm.swift */; };
		DCC0F23621C8E7510089750B /* MapViewController.swift in Sources */ = {isa = PBXBuildFile; fileRef = DCC0F23521C8E7510089750B /* MapViewController.swift */; };
		DCD3562A21EE74D300F4AAFF /* DefaultsManager.swift in Sources */ = {isa = PBXBuildFile; fileRef = DCD3562921EE74D300F4AAFF /* DefaultsManager.swift */; };
		DCEFEE6921BF9F29005701F5 /* AppDelegate.swift in Sources */ = {isa = PBXBuildFile; fileRef = DCEFEE6821BF9F29005701F5 /* AppDelegate.swift */; };
		DCEFEE6E21BF9F29005701F5 /* Main.storyboard in Resources */ = {isa = PBXBuildFile; fileRef = DCEFEE6C21BF9F29005701F5 /* Main.storyboard */; };
		DCEFEE7021BF9F2D005701F5 /* Assets.xcassets in Resources */ = {isa = PBXBuildFile; fileRef = DCEFEE6F21BF9F2D005701F5 /* Assets.xcassets */; };
		DCEFEE7321BF9F2D005701F5 /* LaunchScreen.storyboard in Resources */ = {isa = PBXBuildFile; fileRef = DCEFEE7121BF9F2D005701F5 /* LaunchScreen.storyboard */; };
		DCEFEE7E21BF9F2D005701F5 /* AlarmClocatorTests.swift in Sources */ = {isa = PBXBuildFile; fileRef = DCEFEE7D21BF9F2D005701F5 /* AlarmClocatorTests.swift */; };
		DCEFEE8B21BF9FBA005701F5 /* MainTableView.swift in Sources */ = {isa = PBXBuildFile; fileRef = DCEFEE8821BF9FBA005701F5 /* MainTableView.swift */; };
		DCEFEE8C21BF9FBA005701F5 /* AddScreen.swift in Sources */ = {isa = PBXBuildFile; fileRef = DCEFEE8921BF9FBA005701F5 /* AddScreen.swift */; };
		DCEFEE8D21BF9FBA005701F5 /* LabelSelectionCell.swift in Sources */ = {isa = PBXBuildFile; fileRef = DCEFEE8A21BF9FBA005701F5 /* LabelSelectionCell.swift */; };
		DCEFEE8F21BFA848005701F5 /* LocationSelectionCell.swift in Sources */ = {isa = PBXBuildFile; fileRef = DCEFEE8E21BFA848005701F5 /* LocationSelectionCell.swift */; };
		DCF26EF921F5C929006A846C /* Bloom.caf in Resources */ = {isa = PBXBuildFile; fileRef = DCF26EF821F5C398006A846C /* Bloom.caf */; };
		DCF26EFA21F5C9B4006A846C /* Anticipate.caf in Resources */ = {isa = PBXBuildFile; fileRef = DCF26EF721F5C398006A846C /* Anticipate.caf */; };
		DCF26EFB21F5C9B9006A846C /* Calypso.caf in Resources */ = {isa = PBXBuildFile; fileRef = DCF26EF521F5C398006A846C /* Calypso.caf */; };
		DCF26EFC21F5C9BE006A846C /* Choo_Choo.caf in Resources */ = {isa = PBXBuildFile; fileRef = DCF26EF421F5C397006A846C /* Choo_Choo.caf */; };
		DCF26EFD21F5C9C2006A846C /* Descent.caf in Resources */ = {isa = PBXBuildFile; fileRef = DCF26EF621F5C398006A846C /* Descent.caf */; };
		DCF26EFE21F5C9C4006A846C /* Fanfare.caf in Resources */ = {isa = PBXBuildFile; fileRef = DCF26EE921F5C37C006A846C /* Fanfare.caf */; };
		DCF26EFF21F5C9C7006A846C /* Ladder.caf in Resources */ = {isa = PBXBuildFile; fileRef = DCF26EF121F5C37D006A846C /* Ladder.caf */; };
		DCF26F0021F5C9CA006A846C /* Minuet.caf in Resources */ = {isa = PBXBuildFile; fileRef = DCF26EEF21F5C37D006A846C /* Minuet.caf */; };
		DCF26F0121F5C9CC006A846C /* News_Flash.caf in Resources */ = {isa = PBXBuildFile; fileRef = DCF26EEE21F5C37D006A846C /* News_Flash.caf */; };
		DCF26F0221F5C9CF006A846C /* Noir.caf in Resources */ = {isa = PBXBuildFile; fileRef = DCF26EF021F5C37D006A846C /* Noir.caf */; };
		DCF26F0321F5C9D2006A846C /* Sherwood_Forest.caf in Resources */ = {isa = PBXBuildFile; fileRef = DCF26EE821F5C37C006A846C /* Sherwood_Forest.caf */; };
		DCF26F0421F5C9D5006A846C /* Spell.caf in Resources */ = {isa = PBXBuildFile; fileRef = DCF26EF221F5C37D006A846C /* Spell.caf */; };
		DCF26F0521F5C9DA006A846C /* Suspense.caf in Resources */ = {isa = PBXBuildFile; fileRef = DCF26EF321F5C37D006A846C /* Suspense.caf */; };
		DCF26F0621F5C9DD006A846C /* Telegraph.caf in Resources */ = {isa = PBXBuildFile; fileRef = DCF26EEA21F5C37C006A846C /* Telegraph.caf */; };
		DCF26F0721F5C9E0006A846C /* Tiptoes.caf in Resources */ = {isa = PBXBuildFile; fileRef = DCF26EEC21F5C37D006A846C /* Tiptoes.caf */; };
		DCF26F0821F5C9E3006A846C /* Typewriters.caf in Resources */ = {isa = PBXBuildFile; fileRef = DCF26EED21F5C37D006A846C /* Typewriters.caf */; };
		DCF26F0921F5C9E6006A846C /* Update.caf in Resources */ = {isa = PBXBuildFile; fileRef = DCF26EEB21F5C37C006A846C /* Update.caf */; };
/* End PBXBuildFile section */

/* Begin PBXContainerItemProxy section */
		DCEFEE7A21BF9F2D005701F5 /* PBXContainerItemProxy */ = {
			isa = PBXContainerItemProxy;
			containerPortal = DCEFEE5D21BF9F29005701F5 /* Project object */;
			proxyType = 1;
			remoteGlobalIDString = DCEFEE6421BF9F29005701F5;
			remoteInfo = AlarmClocator;
		};
/* End PBXContainerItemProxy section */

/* Begin PBXFileReference section */
		DC560ED521F2339D00D2B9F5 /* Location.gpx */ = {isa = PBXFileReference; lastKnownFileType = text.xml; path = Location.gpx; sourceTree = "<group>"; };
		DC7F44F221CD87600095FB2F /* CoreLocation.framework */ = {isa = PBXFileReference; lastKnownFileType = wrapper.framework; name = CoreLocation.framework; path = System/Library/Frameworks/CoreLocation.framework; sourceTree = SDKROOT; };
		DC7F44F421CFBFBC0095FB2F /* TimerSelectionCell.swift */ = {isa = PBXFileReference; lastKnownFileType = sourcecode.swift; path = TimerSelectionCell.swift; sourceTree = "<group>"; };
		DC7F44F621DB4DCC0095FB2F /* SoundSelectionCell.swift */ = {isa = PBXFileReference; lastKnownFileType = sourcecode.swift; path = SoundSelectionCell.swift; sourceTree = "<group>"; };
		DC7F44F821DB55470095FB2F /* SoundTableViewController.swift */ = {isa = PBXFileReference; lastKnownFileType = sourcecode.swift; path = SoundTableViewController.swift; sourceTree = "<group>"; };
		DC7F44FA21DE04600095FB2F /* GeneralSoundCell.swift */ = {isa = PBXFileReference; lastKnownFileType = sourcecode.swift; path = GeneralSoundCell.swift; sourceTree = "<group>"; };
		DC7F44FC21E146AC0095FB2F /* GeneralMainScreenCell.swift */ = {isa = PBXFileReference; lastKnownFileType = sourcecode.swift; path = GeneralMainScreenCell.swift; sourceTree = "<group>"; };
		DC7F44FE21E34D8C0095FB2F /* Alarm.swift */ = {isa = PBXFileReference; lastKnownFileType = sourcecode.swift; path = Alarm.swift; sourceTree = "<group>"; };
		DCC0F23521C8E7510089750B /* MapViewController.swift */ = {isa = PBXFileReference; lastKnownFileType = sourcecode.swift; path = MapViewController.swift; sourceTree = "<group>"; };
		DCD3562921EE74D300F4AAFF /* DefaultsManager.swift */ = {isa = PBXFileReference; lastKnownFileType = sourcecode.swift; path = DefaultsManager.swift; sourceTree = "<group>"; };
		DCEFEE6521BF9F29005701F5 /* AlarmClocator.app */ = {isa = PBXFileReference; explicitFileType = wrapper.application; includeInIndex = 0; path = AlarmClocator.app; sourceTree = BUILT_PRODUCTS_DIR; };
		DCEFEE6821BF9F29005701F5 /* AppDelegate.swift */ = {isa = PBXFileReference; lastKnownFileType = sourcecode.swift; path = AppDelegate.swift; sourceTree = "<group>"; };
		DCEFEE6D21BF9F29005701F5 /* Base */ = {isa = PBXFileReference; lastKnownFileType = file.storyboard; name = Base; path = Base.lproj/Main.storyboard; sourceTree = "<group>"; };
		DCEFEE6F21BF9F2D005701F5 /* Assets.xcassets */ = {isa = PBXFileReference; lastKnownFileType = folder.assetcatalog; path = Assets.xcassets; sourceTree = "<group>"; };
		DCEFEE7221BF9F2D005701F5 /* Base */ = {isa = PBXFileReference; lastKnownFileType = file.storyboard; name = Base; path = Base.lproj/LaunchScreen.storyboard; sourceTree = "<group>"; };
		DCEFEE7421BF9F2D005701F5 /* Info.plist */ = {isa = PBXFileReference; lastKnownFileType = text.plist.xml; path = Info.plist; sourceTree = "<group>"; };
		DCEFEE7921BF9F2D005701F5 /* AlarmClocatorTests.xctest */ = {isa = PBXFileReference; explicitFileType = wrapper.cfbundle; includeInIndex = 0; path = AlarmClocatorTests.xctest; sourceTree = BUILT_PRODUCTS_DIR; };
		DCEFEE7D21BF9F2D005701F5 /* AlarmClocatorTests.swift */ = {isa = PBXFileReference; lastKnownFileType = sourcecode.swift; path = AlarmClocatorTests.swift; sourceTree = "<group>"; };
		DCEFEE7F21BF9F2D005701F5 /* Info.plist */ = {isa = PBXFileReference; lastKnownFileType = text.plist.xml; path = Info.plist; sourceTree = "<group>"; };
		DCEFEE8821BF9FBA005701F5 /* MainTableView.swift */ = {isa = PBXFileReference; fileEncoding = 4; lastKnownFileType = sourcecode.swift; path = MainTableView.swift; sourceTree = "<group>"; };
		DCEFEE8921BF9FBA005701F5 /* AddScreen.swift */ = {isa = PBXFileReference; fileEncoding = 4; lastKnownFileType = sourcecode.swift; path = AddScreen.swift; sourceTree = "<group>"; };
		DCEFEE8A21BF9FBA005701F5 /* LabelSelectionCell.swift */ = {isa = PBXFileReference; fileEncoding = 4; lastKnownFileType = sourcecode.swift; path = LabelSelectionCell.swift; sourceTree = "<group>"; };
		DCEFEE8E21BFA848005701F5 /* LocationSelectionCell.swift */ = {isa = PBXFileReference; lastKnownFileType = sourcecode.swift; path = LocationSelectionCell.swift; sourceTree = "<group>"; };
		DCF26EE821F5C37C006A846C /* Sherwood_Forest.caf */ = {isa = PBXFileReference; lastKnownFileType = file; path = Sherwood_Forest.caf; sourceTree = "<group>"; };
		DCF26EE921F5C37C006A846C /* Fanfare.caf */ = {isa = PBXFileReference; lastKnownFileType = file; path = Fanfare.caf; sourceTree = "<group>"; };
		DCF26EEA21F5C37C006A846C /* Telegraph.caf */ = {isa = PBXFileReference; lastKnownFileType = file; path = Telegraph.caf; sourceTree = "<group>"; };
		DCF26EEB21F5C37C006A846C /* Update.caf */ = {isa = PBXFileReference; lastKnownFileType = file; path = Update.caf; sourceTree = "<group>"; };
		DCF26EEC21F5C37D006A846C /* Tiptoes.caf */ = {isa = PBXFileReference; lastKnownFileType = file; path = Tiptoes.caf; sourceTree = "<group>"; };
		DCF26EED21F5C37D006A846C /* Typewriters.caf */ = {isa = PBXFileReference; lastKnownFileType = file; path = Typewriters.caf; sourceTree = "<group>"; };
		DCF26EEE21F5C37D006A846C /* News_Flash.caf */ = {isa = PBXFileReference; lastKnownFileType = file; path = News_Flash.caf; sourceTree = "<group>"; };
		DCF26EEF21F5C37D006A846C /* Minuet.caf */ = {isa = PBXFileReference; lastKnownFileType = file; path = Minuet.caf; sourceTree = "<group>"; };
		DCF26EF021F5C37D006A846C /* Noir.caf */ = {isa = PBXFileReference; lastKnownFileType = file; path = Noir.caf; sourceTree = "<group>"; };
		DCF26EF121F5C37D006A846C /* Ladder.caf */ = {isa = PBXFileReference; lastKnownFileType = file; path = Ladder.caf; sourceTree = "<group>"; };
		DCF26EF221F5C37D006A846C /* Spell.caf */ = {isa = PBXFileReference; lastKnownFileType = file; path = Spell.caf; sourceTree = "<group>"; };
		DCF26EF321F5C37D006A846C /* Suspense.caf */ = {isa = PBXFileReference; lastKnownFileType = file; path = Suspense.caf; sourceTree = "<group>"; };
		DCF26EF421F5C397006A846C /* Choo_Choo.caf */ = {isa = PBXFileReference; lastKnownFileType = file; path = Choo_Choo.caf; sourceTree = "<group>"; };
		DCF26EF521F5C398006A846C /* Calypso.caf */ = {isa = PBXFileReference; lastKnownFileType = file; path = Calypso.caf; sourceTree = "<group>"; };
		DCF26EF621F5C398006A846C /* Descent.caf */ = {isa = PBXFileReference; lastKnownFileType = file; path = Descent.caf; sourceTree = "<group>"; };
		DCF26EF721F5C398006A846C /* Anticipate.caf */ = {isa = PBXFileReference; lastKnownFileType = file; path = Anticipate.caf; sourceTree = "<group>"; };
		DCF26EF821F5C398006A846C /* Bloom.caf */ = {isa = PBXFileReference; lastKnownFileType = file; path = Bloom.caf; sourceTree = "<group>"; };
/* End PBXFileReference section */

/* Begin PBXFrameworksBuildPhase section */
		DCEFEE6221BF9F29005701F5 /* Frameworks */ = {
			isa = PBXFrameworksBuildPhase;
			buildActionMask = 2147483647;
			files = (
				DC7F44F321CD87600095FB2F /* CoreLocation.framework in Frameworks */,
			);
			runOnlyForDeploymentPostprocessing = 0;
		};
		DCEFEE7621BF9F2D005701F5 /* Frameworks */ = {
			isa = PBXFrameworksBuildPhase;
			buildActionMask = 2147483647;
			files = (
			);
			runOnlyForDeploymentPostprocessing = 0;
		};
/* End PBXFrameworksBuildPhase section */

/* Begin PBXGroup section */
		DC7F44F121CD87600095FB2F /* Frameworks */ = {
			isa = PBXGroup;
			children = (
				DC7F44F221CD87600095FB2F /* CoreLocation.framework */,
			);
			name = Frameworks;
			sourceTree = "<group>";
		};
		DCEFEE5C21BF9F29005701F5 = {
			isa = PBXGroup;
			children = (
				DCEFEE6721BF9F29005701F5 /* AlarmClocator */,
				DCEFEE7C21BF9F2D005701F5 /* AlarmClocatorTests */,
				DCEFEE6621BF9F29005701F5 /* Products */,
				DC7F44F121CD87600095FB2F /* Frameworks */,
			);
			sourceTree = "<group>";
		};
		DCEFEE6621BF9F29005701F5 /* Products */ = {
			isa = PBXGroup;
			children = (
				DCEFEE6521BF9F29005701F5 /* AlarmClocator.app */,
				DCEFEE7921BF9F2D005701F5 /* AlarmClocatorTests.xctest */,
			);
			name = Products;
			sourceTree = "<group>";
		};
		DCEFEE6721BF9F29005701F5 /* AlarmClocator */ = {
			isa = PBXGroup;
			children = (
				DCF26EE721F5C319006A846C /* Sounds */,
				DCEFEE6821BF9F29005701F5 /* AppDelegate.swift */,
				DCEFEE8821BF9FBA005701F5 /* MainTableView.swift */,
				DC7F44FC21E146AC0095FB2F /* GeneralMainScreenCell.swift */,
				DCD3562921EE74D300F4AAFF /* DefaultsManager.swift */,
				DC7F44FE21E34D8C0095FB2F /* Alarm.swift */,
				DC560ED521F2339D00D2B9F5 /* Location.gpx */,
				DCEFEE8921BF9FBA005701F5 /* AddScreen.swift */,
				DCEFEE8A21BF9FBA005701F5 /* LabelSelectionCell.swift */,
				DCEFEE8E21BFA848005701F5 /* LocationSelectionCell.swift */,
				DCC0F23521C8E7510089750B /* MapViewController.swift */,
				DC7F44F621DB4DCC0095FB2F /* SoundSelectionCell.swift */,
				DC7F44F821DB55470095FB2F /* SoundTableViewController.swift */,
				DC7F44FA21DE04600095FB2F /* GeneralSoundCell.swift */,
				DC7F44F421CFBFBC0095FB2F /* TimerSelectionCell.swift */,
				DCEFEE6C21BF9F29005701F5 /* Main.storyboard */,
				DCEFEE6F21BF9F2D005701F5 /* Assets.xcassets */,
				DCEFEE7121BF9F2D005701F5 /* LaunchScreen.storyboard */,
				DCEFEE7421BF9F2D005701F5 /* Info.plist */,
			);
			path = AlarmClocator;
			sourceTree = "<group>";
		};
		DCEFEE7C21BF9F2D005701F5 /* AlarmClocatorTests */ = {
			isa = PBXGroup;
			children = (
				DCEFEE7D21BF9F2D005701F5 /* AlarmClocatorTests.swift */,
				DCEFEE7F21BF9F2D005701F5 /* Info.plist */,
			);
			path = AlarmClocatorTests;
			sourceTree = "<group>";
		};
		DCF26EE721F5C319006A846C /* Sounds */ = {
			isa = PBXGroup;
			children = (
				DCF26EF721F5C398006A846C /* Anticipate.caf */,
				DCF26EF821F5C398006A846C /* Bloom.caf */,
				DCF26EF521F5C398006A846C /* Calypso.caf */,
				DCF26EF421F5C397006A846C /* Choo_Choo.caf */,
				DCF26EF621F5C398006A846C /* Descent.caf */,
				DCF26EE921F5C37C006A846C /* Fanfare.caf */,
				DCF26EF121F5C37D006A846C /* Ladder.caf */,
				DCF26EEF21F5C37D006A846C /* Minuet.caf */,
				DCF26EEE21F5C37D006A846C /* News_Flash.caf */,
				DCF26EF021F5C37D006A846C /* Noir.caf */,
				DCF26EE821F5C37C006A846C /* Sherwood_Forest.caf */,
				DCF26EF221F5C37D006A846C /* Spell.caf */,
				DCF26EF321F5C37D006A846C /* Suspense.caf */,
				DCF26EEA21F5C37C006A846C /* Telegraph.caf */,
				DCF26EEC21F5C37D006A846C /* Tiptoes.caf */,
				DCF26EED21F5C37D006A846C /* Typewriters.caf */,
				DCF26EEB21F5C37C006A846C /* Update.caf */,
			);
			path = Sounds;
			sourceTree = "<group>";
		};
/* End PBXGroup section */

/* Begin PBXNativeTarget section */
		DCEFEE6421BF9F29005701F5 /* AlarmClocator */ = {
			isa = PBXNativeTarget;
			buildConfigurationList = DCEFEE8221BF9F2D005701F5 /* Build configuration list for PBXNativeTarget "AlarmClocator" */;
			buildPhases = (
				DCEFEE6121BF9F29005701F5 /* Sources */,
				DCEFEE6221BF9F29005701F5 /* Frameworks */,
				DCEFEE6321BF9F29005701F5 /* Resources */,
			);
			buildRules = (
			);
			dependencies = (
			);
			name = AlarmClocator;
			productName = AlarmClocator;
			productReference = DCEFEE6521BF9F29005701F5 /* AlarmClocator.app */;
			productType = "com.apple.product-type.application";
		};
		DCEFEE7821BF9F2D005701F5 /* AlarmClocatorTests */ = {
			isa = PBXNativeTarget;
			buildConfigurationList = DCEFEE8521BF9F2D005701F5 /* Build configuration list for PBXNativeTarget "AlarmClocatorTests" */;
			buildPhases = (
				DCEFEE7521BF9F2D005701F5 /* Sources */,
				DCEFEE7621BF9F2D005701F5 /* Frameworks */,
				DCEFEE7721BF9F2D005701F5 /* Resources */,
			);
			buildRules = (
			);
			dependencies = (
				DCEFEE7B21BF9F2D005701F5 /* PBXTargetDependency */,
			);
			name = AlarmClocatorTests;
			productName = AlarmClocatorTests;
			productReference = DCEFEE7921BF9F2D005701F5 /* AlarmClocatorTests.xctest */;
			productType = "com.apple.product-type.bundle.unit-test";
		};
/* End PBXNativeTarget section */

/* Begin PBXProject section */
		DCEFEE5D21BF9F29005701F5 /* Project object */ = {
			isa = PBXProject;
			attributes = {
				LastSwiftUpdateCheck = 1010;
				LastUpgradeCheck = 1010;
				ORGANIZATIONNAME = "Omer Hasson";
				TargetAttributes = {
					DCEFEE6421BF9F29005701F5 = {
						CreatedOnToolsVersion = 10.1;
						SystemCapabilities = {
							com.apple.BackgroundModes = {
								enabled = 1;
							};
						};
					};
					DCEFEE7821BF9F2D005701F5 = {
						CreatedOnToolsVersion = 10.1;
						TestTargetID = DCEFEE6421BF9F29005701F5;
					};
				};
			};
			buildConfigurationList = DCEFEE6021BF9F29005701F5 /* Build configuration list for PBXProject "AlarmClocator" */;
			compatibilityVersion = "Xcode 9.3";
			developmentRegion = en;
			hasScannedForEncodings = 0;
			knownRegions = (
				en,
				Base,
			);
			mainGroup = DCEFEE5C21BF9F29005701F5;
			productRefGroup = DCEFEE6621BF9F29005701F5 /* Products */;
			projectDirPath = "";
			projectRoot = "";
			targets = (
				DCEFEE6421BF9F29005701F5 /* AlarmClocator */,
				DCEFEE7821BF9F2D005701F5 /* AlarmClocatorTests */,
			);
		};
/* End PBXProject section */

/* Begin PBXResourcesBuildPhase section */
		DCEFEE6321BF9F29005701F5 /* Resources */ = {
			isa = PBXResourcesBuildPhase;
			buildActionMask = 2147483647;
			files = (
				DCF26F0621F5C9DD006A846C /* Telegraph.caf in Resources */,
				DCF26F0321F5C9D2006A846C /* Sherwood_Forest.caf in Resources */,
				DCF26EFF21F5C9C7006A846C /* Ladder.caf in Resources */,
				DCF26EFE21F5C9C4006A846C /* Fanfare.caf in Resources */,
				DCEFEE7321BF9F2D005701F5 /* LaunchScreen.storyboard in Resources */,
				DCF26EFD21F5C9C2006A846C /* Descent.caf in Resources */,
				DCF26F0121F5C9CC006A846C /* News_Flash.caf in Resources */,
				DCEFEE7021BF9F2D005701F5 /* Assets.xcassets in Resources */,
				DCF26EFA21F5C9B4006A846C /* Anticipate.caf in Resources */,
				DCF26F0421F5C9D5006A846C /* Spell.caf in Resources */,
				DCF26EF921F5C929006A846C /* Bloom.caf in Resources */,
				DCF26F0521F5C9DA006A846C /* Suspense.caf in Resources */,
				DCF26EFC21F5C9BE006A846C /* Choo_Choo.caf in Resources */,
				DCF26F0821F5C9E3006A846C /* Typewriters.caf in Resources */,
				DCF26F0021F5C9CA006A846C /* Minuet.caf in Resources */,
				DCF26EFB21F5C9B9006A846C /* Calypso.caf in Resources */,
				DCF26F0221F5C9CF006A846C /* Noir.caf in Resources */,
				DCF26F0921F5C9E6006A846C /* Update.caf in Resources */,
				DCEFEE6E21BF9F29005701F5 /* Main.storyboard in Resources */,
				DCF26F0721F5C9E0006A846C /* Tiptoes.caf in Resources */,
			);
			runOnlyForDeploymentPostprocessing = 0;
		};
		DCEFEE7721BF9F2D005701F5 /* Resources */ = {
			isa = PBXResourcesBuildPhase;
			buildActionMask = 2147483647;
			files = (
			);
			runOnlyForDeploymentPostprocessing = 0;
		};
/* End PBXResourcesBuildPhase section */

/* Begin PBXSourcesBuildPhase section */
		DCEFEE6121BF9F29005701F5 /* Sources */ = {
			isa = PBXSourcesBuildPhase;
			buildActionMask = 2147483647;
			files = (
				DC7F44FB21DE04600095FB2F /* GeneralSoundCell.swift in Sources */,
				DC7F44F521CFBFBC0095FB2F /* TimerSelectionCell.swift in Sources */,
				DCEFEE8B21BF9FBA005701F5 /* MainTableView.swift in Sources */,
				DCC0F23621C8E7510089750B /* MapViewController.swift in Sources */,
				DCEFEE8F21BFA848005701F5 /* LocationSelectionCell.swift in Sources */,
				DCEFEE8D21BF9FBA005701F5 /* LabelSelectionCell.swift in Sources */,
				DCD3562A21EE74D300F4AAFF /* DefaultsManager.swift in Sources */,
				DCEFEE6921BF9F29005701F5 /* AppDelegate.swift in Sources */,
				DC7F44F721DB4DCC0095FB2F /* SoundSelectionCell.swift in Sources */,
				DC7F44FD21E146AC0095FB2F /* GeneralMainScreenCell.swift in Sources */,
				DCEFEE8C21BF9FBA005701F5 /* AddScreen.swift in Sources */,
				DC7F44F921DB55470095FB2F /* SoundTableViewController.swift in Sources */,
				DC7F44FF21E34D8C0095FB2F /* Alarm.swift in Sources */,
			);
			runOnlyForDeploymentPostprocessing = 0;
		};
		DCEFEE7521BF9F2D005701F5 /* Sources */ = {
			isa = PBXSourcesBuildPhase;
			buildActionMask = 2147483647;
			files = (
				DCEFEE7E21BF9F2D005701F5 /* AlarmClocatorTests.swift in Sources */,
			);
			runOnlyForDeploymentPostprocessing = 0;
		};
/* End PBXSourcesBuildPhase section */

/* Begin PBXTargetDependency section */
		DCEFEE7B21BF9F2D005701F5 /* PBXTargetDependency */ = {
			isa = PBXTargetDependency;
			target = DCEFEE6421BF9F29005701F5 /* AlarmClocator */;
			targetProxy = DCEFEE7A21BF9F2D005701F5 /* PBXContainerItemProxy */;
		};
/* End PBXTargetDependency section */

/* Begin PBXVariantGroup section */
		DCEFEE6C21BF9F29005701F5 /* Main.storyboard */ = {
			isa = PBXVariantGroup;
			children = (
				DCEFEE6D21BF9F29005701F5 /* Base */,
			);
			name = Main.storyboard;
			sourceTree = "<group>";
		};
		DCEFEE7121BF9F2D005701F5 /* LaunchScreen.storyboard */ = {
			isa = PBXVariantGroup;
			children = (
				DCEFEE7221BF9F2D005701F5 /* Base */,
			);
			name = LaunchScreen.storyboard;
			sourceTree = "<group>";
		};
/* End PBXVariantGroup section */

/* Begin XCBuildConfiguration section */
		DCEFEE8021BF9F2D005701F5 /* Debug */ = {
			isa = XCBuildConfiguration;
			buildSettings = {
				ALWAYS_SEARCH_USER_PATHS = NO;
				CLANG_ANALYZER_NONNULL = YES;
				CLANG_ANALYZER_NUMBER_OBJECT_CONVERSION = YES_AGGRESSIVE;
				CLANG_CXX_LANGUAGE_STANDARD = "gnu++14";
				CLANG_CXX_LIBRARY = "libc++";
				CLANG_ENABLE_MODULES = YES;
				CLANG_ENABLE_OBJC_ARC = YES;
				CLANG_ENABLE_OBJC_WEAK = YES;
				CLANG_WARN_BLOCK_CAPTURE_AUTORELEASING = YES;
				CLANG_WARN_BOOL_CONVERSION = YES;
				CLANG_WARN_COMMA = YES;
				CLANG_WARN_CONSTANT_CONVERSION = YES;
				CLANG_WARN_DEPRECATED_OBJC_IMPLEMENTATIONS = YES;
				CLANG_WARN_DIRECT_OBJC_ISA_USAGE = YES_ERROR;
				CLANG_WARN_DOCUMENTATION_COMMENTS = YES;
				CLANG_WARN_EMPTY_BODY = YES;
				CLANG_WARN_ENUM_CONVERSION = YES;
				CLANG_WARN_INFINITE_RECURSION = YES;
				CLANG_WARN_INT_CONVERSION = YES;
				CLANG_WARN_NON_LITERAL_NULL_CONVERSION = YES;
				CLANG_WARN_OBJC_IMPLICIT_RETAIN_SELF = YES;
				CLANG_WARN_OBJC_LITERAL_CONVERSION = YES;
				CLANG_WARN_OBJC_ROOT_CLASS = YES_ERROR;
				CLANG_WARN_RANGE_LOOP_ANALYSIS = YES;
				CLANG_WARN_STRICT_PROTOTYPES = YES;
				CLANG_WARN_SUSPICIOUS_MOVE = YES;
				CLANG_WARN_UNGUARDED_AVAILABILITY = YES_AGGRESSIVE;
				CLANG_WARN_UNREACHABLE_CODE = YES;
				CLANG_WARN__DUPLICATE_METHOD_MATCH = YES;
				CODE_SIGN_IDENTITY = "iPhone Developer";
				COPY_PHASE_STRIP = NO;
				DEBUG_INFORMATION_FORMAT = dwarf;
				ENABLE_STRICT_OBJC_MSGSEND = YES;
				ENABLE_TESTABILITY = YES;
				GCC_C_LANGUAGE_STANDARD = gnu11;
				GCC_DYNAMIC_NO_PIC = NO;
				GCC_NO_COMMON_BLOCKS = YES;
				GCC_OPTIMIZATION_LEVEL = 0;
				GCC_PREPROCESSOR_DEFINITIONS = (
					"DEBUG=1",
					"$(inherited)",
				);
				GCC_WARN_64_TO_32_BIT_CONVERSION = YES;
				GCC_WARN_ABOUT_RETURN_TYPE = YES_ERROR;
				GCC_WARN_UNDECLARED_SELECTOR = YES;
				GCC_WARN_UNINITIALIZED_AUTOS = YES_AGGRESSIVE;
				GCC_WARN_UNUSED_FUNCTION = YES;
				GCC_WARN_UNUSED_VARIABLE = YES;
				IPHONEOS_DEPLOYMENT_TARGET = 12.1;
				MTL_ENABLE_DEBUG_INFO = INCLUDE_SOURCE;
				MTL_FAST_MATH = YES;
				ONLY_ACTIVE_ARCH = YES;
				SDKROOT = iphoneos;
				SWIFT_ACTIVE_COMPILATION_CONDITIONS = DEBUG;
				SWIFT_OPTIMIZATION_LEVEL = "-Onone";
			};
			name = Debug;
		};
		DCEFEE8121BF9F2D005701F5 /* Release */ = {
			isa = XCBuildConfiguration;
			buildSettings = {
				ALWAYS_SEARCH_USER_PATHS = NO;
				CLANG_ANALYZER_NONNULL = YES;
				CLANG_ANALYZER_NUMBER_OBJECT_CONVERSION = YES_AGGRESSIVE;
				CLANG_CXX_LANGUAGE_STANDARD = "gnu++14";
				CLANG_CXX_LIBRARY = "libc++";
				CLANG_ENABLE_MODULES = YES;
				CLANG_ENABLE_OBJC_ARC = YES;
				CLANG_ENABLE_OBJC_WEAK = YES;
				CLANG_WARN_BLOCK_CAPTURE_AUTORELEASING = YES;
				CLANG_WARN_BOOL_CONVERSION = YES;
				CLANG_WARN_COMMA = YES;
				CLANG_WARN_CONSTANT_CONVERSION = YES;
				CLANG_WARN_DEPRECATED_OBJC_IMPLEMENTATIONS = YES;
				CLANG_WARN_DIRECT_OBJC_ISA_USAGE = YES_ERROR;
				CLANG_WARN_DOCUMENTATION_COMMENTS = YES;
				CLANG_WARN_EMPTY_BODY = YES;
				CLANG_WARN_ENUM_CONVERSION = YES;
				CLANG_WARN_INFINITE_RECURSION = YES;
				CLANG_WARN_INT_CONVERSION = YES;
				CLANG_WARN_NON_LITERAL_NULL_CONVERSION = YES;
				CLANG_WARN_OBJC_IMPLICIT_RETAIN_SELF = YES;
				CLANG_WARN_OBJC_LITERAL_CONVERSION = YES;
				CLANG_WARN_OBJC_ROOT_CLASS = YES_ERROR;
				CLANG_WARN_RANGE_LOOP_ANALYSIS = YES;
				CLANG_WARN_STRICT_PROTOTYPES = YES;
				CLANG_WARN_SUSPICIOUS_MOVE = YES;
				CLANG_WARN_UNGUARDED_AVAILABILITY = YES_AGGRESSIVE;
				CLANG_WARN_UNREACHABLE_CODE = YES;
				CLANG_WARN__DUPLICATE_METHOD_MATCH = YES;
				CODE_SIGN_IDENTITY = "iPhone Developer";
				COPY_PHASE_STRIP = NO;
				DEBUG_INFORMATION_FORMAT = "dwarf-with-dsym";
				ENABLE_NS_ASSERTIONS = NO;
				ENABLE_STRICT_OBJC_MSGSEND = YES;
				GCC_C_LANGUAGE_STANDARD = gnu11;
				GCC_NO_COMMON_BLOCKS = YES;
				GCC_WARN_64_TO_32_BIT_CONVERSION = YES;
				GCC_WARN_ABOUT_RETURN_TYPE = YES_ERROR;
				GCC_WARN_UNDECLARED_SELECTOR = YES;
				GCC_WARN_UNINITIALIZED_AUTOS = YES_AGGRESSIVE;
				GCC_WARN_UNUSED_FUNCTION = YES;
				GCC_WARN_UNUSED_VARIABLE = YES;
				IPHONEOS_DEPLOYMENT_TARGET = 12.1;
				MTL_ENABLE_DEBUG_INFO = NO;
				MTL_FAST_MATH = YES;
				SDKROOT = iphoneos;
				SWIFT_COMPILATION_MODE = wholemodule;
				SWIFT_OPTIMIZATION_LEVEL = "-O";
				VALIDATE_PRODUCT = YES;
			};
			name = Release;
		};
		DCEFEE8321BF9F2D005701F5 /* Debug */ = {
			isa = XCBuildConfiguration;
			buildSettings = {
				ASSETCATALOG_COMPILER_APPICON_NAME = AppIcon;
				CODE_SIGN_STYLE = Automatic;
				INFOPLIST_FILE = AlarmClocator/Info.plist;
				LD_RUNPATH_SEARCH_PATHS = (
					"$(inherited)",
					"@executable_path/Frameworks",
				);
				PRODUCT_BUNDLE_IDENTIFIER = me.omer.AlarmClocator;
				PRODUCT_NAME = "$(TARGET_NAME)";
				SWIFT_VERSION = 4.2;
				TARGETED_DEVICE_FAMILY = "1,2";
			};
			name = Debug;
		};
		DCEFEE8421BF9F2D005701F5 /* Release */ = {
			isa = XCBuildConfiguration;
			buildSettings = {
				ASSETCATALOG_COMPILER_APPICON_NAME = AppIcon;
				CODE_SIGN_STYLE = Automatic;
				INFOPLIST_FILE = AlarmClocator/Info.plist;
				LD_RUNPATH_SEARCH_PATHS = (
					"$(inherited)",
					"@executable_path/Frameworks",
				);
				PRODUCT_BUNDLE_IDENTIFIER = me.omer.AlarmClocator;
				PRODUCT_NAME = "$(TARGET_NAME)";
				SWIFT_VERSION = 4.2;
				TARGETED_DEVICE_FAMILY = "1,2";
			};
			name = Release;
		};
		DCEFEE8621BF9F2D005701F5 /* Debug */ = {
			isa = XCBuildConfiguration;
			buildSettings = {
				ALWAYS_EMBED_SWIFT_STANDARD_LIBRARIES = YES;
				BUNDLE_LOADER = "$(TEST_HOST)";
				CODE_SIGN_STYLE = Automatic;
				INFOPLIST_FILE = AlarmClocatorTests/Info.plist;
				LD_RUNPATH_SEARCH_PATHS = (
					"$(inherited)",
					"@executable_path/Frameworks",
					"@loader_path/Frameworks",
				);
				PRODUCT_BUNDLE_IDENTIFIER = me.omer.AlarmClocatorTests;
				PRODUCT_NAME = "$(TARGET_NAME)";
				SWIFT_VERSION = 4.2;
				TARGETED_DEVICE_FAMILY = "1,2";
				TEST_HOST = "$(BUILT_PRODUCTS_DIR)/AlarmClocator.app/AlarmClocator";
			};
			name = Debug;
		};
		DCEFEE8721BF9F2D005701F5 /* Release */ = {
			isa = XCBuildConfiguration;
			buildSettings = {
				ALWAYS_EMBED_SWIFT_STANDARD_LIBRARIES = YES;
				BUNDLE_LOADER = "$(TEST_HOST)";
				CODE_SIGN_STYLE = Automatic;
				INFOPLIST_FILE = AlarmClocatorTests/Info.plist;
				LD_RUNPATH_SEARCH_PATHS = (
					"$(inherited)",
					"@executable_path/Frameworks",
					"@loader_path/Frameworks",
				);
				PRODUCT_BUNDLE_IDENTIFIER = me.omer.AlarmClocatorTests;
				PRODUCT_NAME = "$(TARGET_NAME)";
				SWIFT_VERSION = 4.2;
				TARGETED_DEVICE_FAMILY = "1,2";
				TEST_HOST = "$(BUILT_PRODUCTS_DIR)/AlarmClocator.app/AlarmClocator";
			};
			name = Release;
		};
/* End XCBuildConfiguration section */

/* Begin XCConfigurationList section */
		DCEFEE6021BF9F29005701F5 /* Build configuration list for PBXProject "AlarmClocator" */ = {
			isa = XCConfigurationList;
			buildConfigurations = (
				DCEFEE8021BF9F2D005701F5 /* Debug */,
				DCEFEE8121BF9F2D005701F5 /* Release */,
			);
			defaultConfigurationIsVisible = 0;
			defaultConfigurationName = Release;
		};
		DCEFEE8221BF9F2D005701F5 /* Build configuration list for PBXNativeTarget "AlarmClocator" */ = {
			isa = XCConfigurationList;
			buildConfigurations = (
				DCEFEE8321BF9F2D005701F5 /* Debug */,
				DCEFEE8421BF9F2D005701F5 /* Release */,
			);
			defaultConfigurationIsVisible = 0;
			defaultConfigurationName = Release;
		};
		DCEFEE8521BF9F2D005701F5 /* Build configuration list for PBXNativeTarget "AlarmClocatorTests" */ = {
			isa = XCConfigurationList;
			buildConfigurations = (
				DCEFEE8621BF9F2D005701F5 /* Debug */,
				DCEFEE8721BF9F2D005701F5 /* Release */,
			);
			defaultConfigurationIsVisible = 0;
			defaultConfigurationName = Release;
		};
/* End XCConfigurationList section */
	};
	rootObject = DCEFEE5D21BF9F29005701F5 /* Project object */;
}
